github.com/XiaoMengXinX/CoolapkApi-Go v0.0.0-20251031154509-3f90d88d0db8 h1:C9I5qel9yHSxWrcJTaL1I958UZfTA0kAnpMsBeRy3j0=
github.com/XiaoMengXinX/CoolapkApi-Go v0.0.0-20251031154509-3f90d88d0db8/go.mod h1:CJtSbyozEHLHg105az10gRW7jSEaAZsMDivBFZNJeSQ=
github.com/XiaoMengXinX/CoolapkApi-Go v0.0.0-20260221133411-2230d4d29542 h1:l5d/aNRZjEDgOlG4+kYZ3dyOY316xrwRG/vjlM8Tp6M=
github.com/XiaoMengXinX/CoolapkApi-Go v0.0.0-20260221133411-2230d4d29542/go.mod h1:CJtSbyozEHLHg105az10gRW7jSEaAZsMDivBFZNJeSQ=
